# This is an Anaconda project lock file.
# The lock file locks down exact versions of all your dependencies.
#
# In most cases, this file is automatically maintained by the `anaconda-project` command or GUI tools.
# It's best to keep this file in revision control (such as git or svn).
# The file is in YAML format, please see http://www.yaml.org/start.html for more.
#

#
# Set to false to ignore locked versions.
#
locking_enabled: true

#
# A key goes in here for each env spec.
#
env_specs:
  default:
    locked: true
    env_spec_hash: 7481a63c15cddac4ec8a9eec24970a697ad0d041
    platforms:
    - linux-64
    - win-64
    packages:
      all:
      - blas=1.0=mkl
      - charset-normalizer=2.0.4=pyhd3eb1b0_0
      - cycler=0.11.0=pyhd3eb1b0_0
      - fonttools=4.25.0=pyhd3eb1b0_0
      - munkres=1.1.4=py_0
      - packaging=21.3=pyhd3eb1b0_0
      - pycparser=2.21=pyhd3eb1b0_0
      - pyopenssl=22.0.0=pyhd3eb1b0_0
      - python-dateutil=2.8.2=pyhd3eb1b0_0
      - six=1.16.0=pyhd3eb1b0_1
      - toml=0.10.2=pyhd3eb1b0_0
      - tzdata=2022e=h04d1e81_0
      - wheel=0.37.1=pyhd3eb1b0_0
      linux-64:
      - _libgcc_mutex=0.1=main
      - _openmp_mutex=5.1=1_gnu
      - bottleneck=1.3.5=py39h7deecbd_0
      - brotli-bin=1.0.9=h5eee18b_7
      - brotli=1.0.9=h5eee18b_7
      - brotlipy=0.7.0=py39h27cfd23_1003
      - bzip2=1.0.8=h7b6447c_0
      - ca-certificates=2022.07.19=h06a4308_0
      - certifi=2022.9.24=py39h06a4308_0
      - cffi=1.15.1=py39h74dc2b5_0
      - cryptography=37.0.1=py39h9ce1e76_0
      - cudatoolkit=10.2.89=hfd86e86_1
      - dbus=1.13.18=hb2f20db_0
      - expat=2.4.9=h6a678d5_0
      - ffmpeg=4.3=hf484d3e_0
      - fontconfig=2.13.1=h6c09931_0
      - freetype=2.11.0=h70c0345_0
      - giflib=5.2.1=h7b6447c_0
      - glib=2.69.1=h4ff587b_1
      - gmp=6.2.1=h295c915_3
      - gnutls=3.6.15=he1e5248_0
      - gst-plugins-base=1.14.0=h8213a91_2
      - gstreamer=1.14.0=h28cd5cc_2
      - icu=58.2=he6710b0_3
      - idna=3.4=py39h06a4308_0
      - intel-openmp=2021.4.0=h06a4308_3561
      - jpeg=9e=h7f8727e_0
      - kiwisolver=1.4.2=py39h295c915_0
      - krb5=1.19.2=hac12032_0
      - lame=3.100=h7b6447c_0
      - lcms2=2.12=h3be6417_0
      - ld_impl_linux-64=2.38=h1181459_1
      - lerc=3.0=h295c915_0
      - libbrotlicommon=1.0.9=h5eee18b_7
      - libbrotlidec=1.0.9=h5eee18b_7
      - libbrotlienc=1.0.9=h5eee18b_7
      - libclang=10.0.1=default_hb85057a_2
      - libdeflate=1.8=h7f8727e_5
      - libedit=3.1.20210910=h7f8727e_0
      - libevent=2.1.12=h8f2d780_0
      - libffi=3.3=he6710b0_2
      - libgcc-ng=11.2.0=h1234567_1
      - libgomp=11.2.0=h1234567_1
      - libiconv=1.16=h7f8727e_2
      - libidn2=2.3.2=h7f8727e_0
      - libllvm10=10.0.1=hbcb73fb_5
      - libpng=1.6.37=hbc83047_0
      - libpq=12.9=h16c4e8d_3
      - libstdcxx-ng=11.2.0=h1234567_1
      - libtasn1=4.16.0=h27cfd23_0
      - libtiff=4.4.0=hecacb30_0
      - libunistring=0.9.10=h27cfd23_0
      - libuuid=1.0.3=h7f8727e_2
      - libwebp-base=1.2.4=h5eee18b_0
      - libwebp=1.2.4=h11a3e52_0
      - libxcb=1.15=h7f8727e_0
      - libxkbcommon=1.0.1=hfa300c1_0
      - libxml2=2.9.14=h74e7548_0
      - libxslt=1.1.35=h4e12654_0
      - lz4-c=1.9.3=h295c915_1
      - matplotlib-base=3.5.2=py39hf590b9c_0
      - matplotlib=3.5.2=py39h06a4308_0
      - mkl-service=2.4.0=py39h7f8727e_0
      - mkl=2021.4.0=h06a4308_640
      - mkl_fft=1.3.1=py39hd3c417c_0
      - mkl_random=1.2.2=py39h51133e4_0
      - ncurses=6.3=h5eee18b_3
      - nettle=3.7.3=hbbd107a_1
      - nspr=4.33=h295c915_0
      - nss=3.74=h0370c37_0
      - numexpr=2.8.3=py39h807cd23_0
      - numpy-base=1.23.3=py39h31eccc5_0
      - numpy=1.23.3=py39h14f4228_0
      - openh264=2.1.1=h4ff587b_0
      - openssl=1.1.1q=h7f8727e_0
      - pandas=1.4.4=py39h6a678d5_0
      - pcre=8.45=h295c915_0
      - pillow=9.2.0=py39hace64e9_1
      - pip=22.2.2=py39h06a4308_0
      - ply=3.11=py39h06a4308_0
      - pyparsing=3.0.9=py39h06a4308_0
      - pyqt5-sip=12.11.0=py39h6a678d5_1
      - pyqt=5.15.7=py39h6a678d5_1
      - pysocks=1.7.1=py39h06a4308_0
      - python=3.9.13=haa1d7c7_2
      - pytorch-mutex=1.0=cuda
      - pytorch=1.12.1=py3.9_cuda10.2_cudnn7.6.5_0
      - pytz=2022.1=py39h06a4308_0
      - qt-main=5.15.2=h327a75a_7
      - qt-webengine=5.15.9=hd2b0992_4
      - qtwebkit=5.212=h4eab89a_4
      - readline=8.1.2=h7f8727e_1
      - requests=2.28.1=py39h06a4308_0
      - seaborn=0.12.0=py39h06a4308_0
      - setuptools=63.4.1=py39h06a4308_0
      - sip=6.6.2=py39h6a678d5_0
      - sqlite=3.39.3=h5082296_0
      - tk=8.6.12=h1ccaba5_0
      - torchvision=0.13.1=py39_cu102
      - tornado=6.2=py39h5eee18b_0
      - typing_extensions=4.3.0=py39h06a4308_0
      - urllib3=1.26.12=py39h06a4308_0
      - xz=5.2.6=h5eee18b_0
      - zlib=1.2.12=h5eee18b_3
      - zstd=1.5.2=ha4553b6_0
      win-64:
      - bottleneck=1.3.5=py39h080aedc_0
      - brotli-bin=1.0.9=h2bbff1b_7
      - brotli=1.0.9=h2bbff1b_7
      - brotlipy=0.7.0=py39h2bbff1b_1003
      - ca-certificates=2022.07.19=haa95532_0
      - certifi=2022.9.24=py39haa95532_0
      - cffi=1.15.1=py39h2bbff1b_0
      - cryptography=37.0.1=py39h21b164f_0
      - cudatoolkit=10.2.89=h74a9793_1
      - freetype=2.10.4=hd328e21_0
      - glib=2.69.1=h5dc1a3c_1
      - gst-plugins-base=1.18.5=h9e645db_0
      - gstreamer=1.18.5=hd78058f_0
      - icu=58.2=ha925a31_3
      - idna=3.4=py39haa95532_0
      - intel-openmp=2021.4.0=haa95532_3556
      - jpeg=9e=h2bbff1b_0
      - kiwisolver=1.4.2=py39hd77b12b_0
      - lerc=3.0=hd77b12b_0
      - libbrotlicommon=1.0.9=h2bbff1b_7
      - libbrotlidec=1.0.9=h2bbff1b_7
      - libbrotlienc=1.0.9=h2bbff1b_7
      - libclang=12.0.0=default_h627e005_2
      - libdeflate=1.8=h2bbff1b_5
      - libffi=3.4.2=hd77b12b_4
      - libiconv=1.16=h2bbff1b_2
      - libogg=1.3.5=h2bbff1b_1
      - libpng=1.6.37=h2a8f88b_0
      - libtiff=4.4.0=h8a3f274_0
      - libuv=1.40.0=he774522_0
      - libvorbis=1.3.7=he774522_0
      - libwebp-base=1.2.4=h2bbff1b_0
      - libwebp=1.2.4=h2bbff1b_0
      - libxml2=2.9.14=h0ad7f3c_0
      - libxslt=1.1.35=h2bbff1b_0
      - lz4-c=1.9.3=h2bbff1b_1
      - matplotlib-base=3.5.2=py39hd77b12b_0
      - matplotlib=3.5.2=py39haa95532_0
      - mkl-service=2.4.0=py39h2bbff1b_0
      - mkl=2021.4.0=haa95532_640
      - mkl_fft=1.3.1=py39h277e83a_0
      - mkl_random=1.2.2=py39hf11a4ad_0
      - numexpr=2.8.3=py39hb80d3ca_0
      - numpy-base=1.23.3=py39h4da318b_0
      - numpy=1.23.3=py39h3b20f71_0
      - openssl=1.1.1q=h2bbff1b_0
      - pandas=1.4.4=py39hd77b12b_0
      - pcre=8.45=hd77b12b_0
      - pillow=9.2.0=py39hdc2b20a_1
      - pip=22.2.2=py39haa95532_0
      - ply=3.11=py39haa95532_0
      - pyparsing=3.0.9=py39haa95532_0
      - pyqt5-sip=12.11.0=py39hd77b12b_0
      - pyqt=5.15.7=py39hd77b12b_0
      - pysocks=1.7.1=py39haa95532_0
      - python=3.9.13=h6244533_2
      - pytorch-mutex=1.0=cpu
      - pytorch=1.12.1=py3.9_cpu_0
      - pytz=2022.1=py39haa95532_0
      - qt-main=5.15.2=he8e5bd7_7
      - qt-webengine=5.15.9=hb9a9bb5_4
      - qtwebkit=5.212=h3ad3cdb_4
      - requests=2.28.1=py39haa95532_0
      - seaborn=0.12.0=py39haa95532_0
      - setuptools=63.4.1=py39haa95532_0
      - sip=6.6.2=py39hd77b12b_0
      - sqlite=3.39.3=h2bbff1b_0
      - tk=8.6.12=h2bbff1b_0
      - torchvision=0.13.1=py39_cpu
      - tornado=6.2=py39h2bbff1b_0
      - typing_extensions=4.3.0=py39haa95532_0
      - urllib3=1.26.12=py39haa95532_0
      - vc=14.2=h21ff451_1
      - vs2015_runtime=14.27.29016=h5e58377_2
      - win_inet_pton=1.1.0=py39haa95532_0
      - wincertstore=0.2=py39haa95532_2
      - xz=5.2.6=h8cc25b3_0
      - zlib=1.2.12=h8cc25b3_3
      - zstd=1.5.2=h19a0ad4_0
      pip:
      - absl-py==1.3.0
      - aiohttp==3.8.3
      - aiosignal==1.2.0
      - antlr4-python3-runtime==4.9.3
      - async-timeout==4.0.2
      - attrs==22.1.0
      - cachetools==5.2.0
      - frozenlist==1.3.1
      - fsspec==2022.10.0
      - google-auth==2.13.0
      - google-auth-oauthlib==0.4.6
      - grpcio==1.50.0
      - hydra-core==1.2.0
      - importlib-metadata==5.0.0
      - iniconfig==1.1.1
      - markdown==3.4.1
      - markupsafe==2.1.1
      - multidict==6.0.2
      - oauthlib==3.2.2
      - omegaconf==2.2.3
      - path==16.5.0
      - pluggy==1.0.0
      - protobuf==3.19.6
      - py==1.11.0
      - pyasn1==0.4.8
      - pyasn1-modules==0.2.8
      - pydeprecate==0.3.2
      - pytest==7.1.3
      - pytorch-lightning==1.7.7
      - pyyaml==6.0
      - requests-oauthlib==1.3.1
      - rsa==4.9
      - tensorboard==2.10.1
      - tensorboard-data-server==0.6.1
      - tensorboard-plugin-wit==1.8.1
      - tensorguard==1.0.0
      - tomli==2.0.1
      - torchmetrics==0.10.0
      - tqdm==4.64.1
      - werkzeug==2.2.2
      - yarl==1.8.1
      - zipp==3.9.0
